github.com/mhthrh/common_pkg v0.0.0-20250512182905-a6e51678a19b h1:UeTsSvmMgyeMljQnQS2NMBYxx4d/BgQn62Q1IFGiQNU=
github.com/mhthrh/common_pkg v0.0.0-20250512182905-a6e51678a19b/go.mod h1:EzFYht2cgRYAOtc4NMPgKmcuGa2OuCOqD8A0KUVaaiA=
github.com/mhthrh/common_pkg v0.0.0-20250512222135-0a2867bcdc6e h1:S9ByUNl3yvq2YqTVLLaS1f1h+wJax1kze2xw3SqUYsA=
github.com/mhthrh/common_pkg v0.0.0-20250512222135-0a2867bcdc6e/go.mod h1:zabPigV6l7pIeMu4jFpX/7LfrEq9uYzTdxc9DDQGeFQ=
github.com/mhthrh/common_pkg v0.0.0-20250512233835-261eab8af384 h1:uEHoBiYswnO1lr+FFvTV2OT7nxyrdAm2cx0hQSk/mRM=
github.com/mhthrh/common_pkg v0.0.0-20250512233835-261eab8af384/go.mod h1:zabPigV6l7pIeMu4jFpX/7LfrEq9uYzTdxc9DDQGeFQ=
